
Microsoft Visual Studio Solution File, Format Version 12.00
# Visual Studio Version 17
VisualStudioVersion = 17.3.32708.82
MinimumVisualStudioVersion = 10.0.40219.1
Project("{9A19103F-16F7-4668-BE54-9A1E7A4F7556}") = "BooksStore", "BooksStore\BooksStore.csproj", "{119D5D2C-8649-485F-A6DB-F8042EFBBAAD}"
EndProject
Global
	GlobalSection(SolutionConfigurationPlatforms) = preSolution
		Debug|Any CPU = Debug|Any CPU
		Release|Any CPU = Release|Any CPU
	EndGlobalSection
	GlobalSection(ProjectConfigurationPlatforms) = postSolution
		{119D5D2C-8649-485F-A6DB-F8042EFBBAAD}.Debug|Any CPU.ActiveCfg = Debug|Any CPU
		{119D5D2C-8649-485F-A6DB-F8042EFBBAAD}.Debug|Any CPU.Build.0 = Debug|Any CPU
		{119D5D2C-8649-485F-A6DB-F8042EFBBAAD}.Release|Any CPU.ActiveCfg = Release|Any CPU
		{119D5D2C-8649-485F-A6DB-F8042EFBBAAD}.Release|Any CPU.Build.0 = Release|Any CPU
	EndGlobalSection
	GlobalSection(SolutionProperties) = preSolution
		HideSolutionNode = FALSE
	EndGlobalSection
	GlobalSection(ExtensibilityGlobals) = postSolution
		SolutionGuid = {F2E683F2-772D-410F-9ECD-296C8BF97B59}
	EndGlobalSection
EndGlobal
